
Microsoft Visual Studio Solution File, Format Version 12.00
# Visual Studio Version 16
VisualStudioVersion = 16.0.29411.108
MinimumVisualStudioVersion = 10.0.40219.1
Project("{9A19103F-16F7-4668-BE54-9A1E7A4F7556}") = "PersonalFinanceApp", "PersonalFinanceApp\PersonalFinanceApp.csproj", "{ED36F69F-87A9-4B97-9F91-752B251239D4}"
EndProject
Project("{2150E333-8FDC-42A3-9474-1A3956D46DE8}") = "Libraries", "Libraries", "{32F15574-35A3-4B56-94DD-6BE1AE67291D}"
EndProject
Project("{2150E333-8FDC-42A3-9474-1A3956D46DE8}") = "Presentation", "Presentation", "{514A13D0-9ABB-47ED-8E50-A81E4874EB36}"
EndProject
Project("{2150E333-8FDC-42A3-9474-1A3956D46DE8}") = "Documents", "Documents", "{BC38C54D-8848-42BE-8FB1-4B990828F3F3}"
	ProjectSection(SolutionItems) = preProject
		Documents releted to project.txt = Documents releted to project.txt
	EndProjectSection
EndProject
Project("{2150E333-8FDC-42A3-9474-1A3956D46DE8}") = "Core", "Core", "{CE272261-00CE-4588-BA80-37FE9F36D752}"
EndProject
Project("{2150E333-8FDC-42A3-9474-1A3956D46DE8}") = "Infrastructure", "Infrastructure", "{957C9095-0345-40B9-8A4E-F349EFA843DF}"
EndProject
Project("{2150E333-8FDC-42A3-9474-1A3956D46DE8}") = "Common", "Common", "{46098674-2FB7-4AF6-8798-CB1A07F9B4DB}"
EndProject
Project("{9A19103F-16F7-4668-BE54-9A1E7A4F7556}") = "Finance.Application", "Finance.Application\Finance.Application.csproj", "{8D243330-A93A-40FF-8D12-64D3214154B0}"
EndProject
Project("{9A19103F-16F7-4668-BE54-9A1E7A4F7556}") = "Finance.Domain", "Finance.Domain\Finance.Domain.csproj", "{ABCDC3D3-0F79-422C-9E68-15A9A8204953}"
EndProject
Project("{9A19103F-16F7-4668-BE54-9A1E7A4F7556}") = "Finance.Infrastructure", "Finance.Infrastructure\Finance.Infrastructure.csproj", "{1E015E6D-FB6A-4978-8F48-B467B71DE6C0}"
EndProject
Project("{2150E333-8FDC-42A3-9474-1A3956D46DE8}") = "Persistence", "Persistence", "{E4FC3380-5BFB-43CD-9CDB-753BBEB2C9EE}"
EndProject
Project("{9A19103F-16F7-4668-BE54-9A1E7A4F7556}") = "Finance.Persistence", "Finance.Persistence\Finance.Persistence.csproj", "{19E448A8-147B-4AB9-BA54-097709C612C0}"
EndProject
Project("{9A19103F-16F7-4668-BE54-9A1E7A4F7556}") = "Finance.Common", "Finance.Common\Finance.Common.csproj", "{D111CC57-466C-4AC3-9E30-C79DDFDCD276}"
EndProject
Global
	GlobalSection(SolutionConfigurationPlatforms) = preSolution
		Debug|Any CPU = Debug|Any CPU
		Release|Any CPU = Release|Any CPU
	EndGlobalSection
	GlobalSection(ProjectConfigurationPlatforms) = postSolution
		{ED36F69F-87A9-4B97-9F91-752B251239D4}.Debug|Any CPU.ActiveCfg = Debug|Any CPU
		{ED36F69F-87A9-4B97-9F91-752B251239D4}.Debug|Any CPU.Build.0 = Debug|Any CPU
		{ED36F69F-87A9-4B97-9F91-752B251239D4}.Release|Any CPU.ActiveCfg = Release|Any CPU
		{ED36F69F-87A9-4B97-9F91-752B251239D4}.Release|Any CPU.Build.0 = Release|Any CPU
		{8D243330-A93A-40FF-8D12-64D3214154B0}.Debug|Any CPU.ActiveCfg = Debug|Any CPU
		{8D243330-A93A-40FF-8D12-64D3214154B0}.Debug|Any CPU.Build.0 = Debug|Any CPU
		{8D243330-A93A-40FF-8D12-64D3214154B0}.Release|Any CPU.ActiveCfg = Release|Any CPU
		{8D243330-A93A-40FF-8D12-64D3214154B0}.Release|Any CPU.Build.0 = Release|Any CPU
		{ABCDC3D3-0F79-422C-9E68-15A9A8204953}.Debug|Any CPU.ActiveCfg = Debug|Any CPU
		{ABCDC3D3-0F79-422C-9E68-15A9A8204953}.Debug|Any CPU.Build.0 = Debug|Any CPU
		{ABCDC3D3-0F79-422C-9E68-15A9A8204953}.Release|Any CPU.ActiveCfg = Release|Any CPU
		{ABCDC3D3-0F79-422C-9E68-15A9A8204953}.Release|Any CPU.Build.0 = Release|Any CPU
		{1E015E6D-FB6A-4978-8F48-B467B71DE6C0}.Debug|Any CPU.ActiveCfg = Debug|Any CPU
		{1E015E6D-FB6A-4978-8F48-B467B71DE6C0}.Debug|Any CPU.Build.0 = Debug|Any CPU
		{1E015E6D-FB6A-4978-8F48-B467B71DE6C0}.Release|Any CPU.ActiveCfg = Release|Any CPU
		{1E015E6D-FB6A-4978-8F48-B467B71DE6C0}.Release|Any CPU.Build.0 = Release|Any CPU
		{19E448A8-147B-4AB9-BA54-097709C612C0}.Debug|Any CPU.ActiveCfg = Debug|Any CPU
		{19E448A8-147B-4AB9-BA54-097709C612C0}.Debug|Any CPU.Build.0 = Debug|Any CPU
		{19E448A8-147B-4AB9-BA54-097709C612C0}.Release|Any CPU.ActiveCfg = Release|Any CPU
		{19E448A8-147B-4AB9-BA54-097709C612C0}.Release|Any CPU.Build.0 = Release|Any CPU
		{D111CC57-466C-4AC3-9E30-C79DDFDCD276}.Debug|Any CPU.ActiveCfg = Debug|Any CPU
		{D111CC57-466C-4AC3-9E30-C79DDFDCD276}.Debug|Any CPU.Build.0 = Debug|Any CPU
		{D111CC57-466C-4AC3-9E30-C79DDFDCD276}.Release|Any CPU.ActiveCfg = Release|Any CPU
		{D111CC57-466C-4AC3-9E30-C79DDFDCD276}.Release|Any CPU.Build.0 = Release|Any CPU
	EndGlobalSection
	GlobalSection(SolutionProperties) = preSolution
		HideSolutionNode = FALSE
	EndGlobalSection
	GlobalSection(NestedProjects) = preSolution
		{ED36F69F-87A9-4B97-9F91-752B251239D4} = {514A13D0-9ABB-47ED-8E50-A81E4874EB36}
		{CE272261-00CE-4588-BA80-37FE9F36D752} = {32F15574-35A3-4B56-94DD-6BE1AE67291D}
		{957C9095-0345-40B9-8A4E-F349EFA843DF} = {32F15574-35A3-4B56-94DD-6BE1AE67291D}
		{46098674-2FB7-4AF6-8798-CB1A07F9B4DB} = {32F15574-35A3-4B56-94DD-6BE1AE67291D}
		{8D243330-A93A-40FF-8D12-64D3214154B0} = {CE272261-00CE-4588-BA80-37FE9F36D752}
		{ABCDC3D3-0F79-422C-9E68-15A9A8204953} = {CE272261-00CE-4588-BA80-37FE9F36D752}
		{1E015E6D-FB6A-4978-8F48-B467B71DE6C0} = {957C9095-0345-40B9-8A4E-F349EFA843DF}
		{E4FC3380-5BFB-43CD-9CDB-753BBEB2C9EE} = {32F15574-35A3-4B56-94DD-6BE1AE67291D}
		{19E448A8-147B-4AB9-BA54-097709C612C0} = {E4FC3380-5BFB-43CD-9CDB-753BBEB2C9EE}
		{D111CC57-466C-4AC3-9E30-C79DDFDCD276} = {46098674-2FB7-4AF6-8798-CB1A07F9B4DB}
	EndGlobalSection
	GlobalSection(ExtensibilityGlobals) = postSolution
		SolutionGuid = {AEBA5AEF-D3BF-46BE-AD17-BDA68205F181}
	EndGlobalSection
EndGlobal
